
Microsoft Visual Studio Solution File, Format Version 12.00
# Visual Studio Version 16
VisualStudioVersion = 16.0.30225.117
MinimumVisualStudioVersion = 10.0.40219.1
Project("{FAE04EC0-301F-11D3-BF4B-00C04F79EFBC}") = "AspNetCore.WebRTCClient", "AspNetCore.WebRTCClient\AspNetCore.WebRTCClient.csproj", "{0925B773-5532-4BA3-86C0-56564BA8EEF6}"
EndProject
Global
	GlobalSection(SolutionConfigurationPlatforms) = preSolution
		Debug|Any CPU = Debug|Any CPU
		Release|Any CPU = Release|Any CPU
	EndGlobalSection
	GlobalSection(ProjectConfigurationPlatforms) = postSolution
		{0925B773-5532-4BA3-86C0-56564BA8EEF6}.Debug|Any CPU.ActiveCfg = Debug|Any CPU
		{0925B773-5532-4BA3-86C0-56564BA8EEF6}.Debug|Any CPU.Build.0 = Debug|Any CPU
		{0925B773-5532-4BA3-86C0-56564BA8EEF6}.Release|Any CPU.ActiveCfg = Release|Any CPU
		{0925B773-5532-4BA3-86C0-56564BA8EEF6}.Release|Any CPU.Build.0 = Release|Any CPU
	EndGlobalSection
	GlobalSection(SolutionProperties) = preSolution
		HideSolutionNode = FALSE
	EndGlobalSection
	GlobalSection(ExtensibilityGlobals) = postSolution
		SolutionGuid = {C5CFB5FD-647C-4523-ABC3-2478B2D2487F}
	EndGlobalSection
EndGlobal
